# This file may be used to create an environment using:
# $ conda create --name <env> --file <this file>
# platform: linux-64
_libgcc_mutex=0.1=conda_forge
_openmp_mutex=4.5=2_gnu
_r-mutex=1.0.1=anacondar_1
amply=0.1.6=pyhd8ed1ab_1
appdirs=1.4.4=pyhd8ed1ab_1
argparse-dataclass=2.0.0=pyhd8ed1ab_0
attrs=25.3.0=pyh71513ae_0
bedtools=2.31.1=h13024bc_3
binutils_impl_linux-64=2.43=h4bf12b8_4
brotli=1.1.0=hb9d3cd8_2
brotli-bin=1.1.0=hb9d3cd8_2
brotli-python=1.1.0=py312h2ec8cdc_2
bwidget=1.10.1=ha770c72_0
bzip2=1.0.8=h4bc722e_7
c-ares=1.34.4=hb9d3cd8_0
ca-certificates=2025.1.31=hbcca054_0
cairo=1.18.4=h3394656_0
certifi=2025.1.31=pyhd8ed1ab_0
cffi=1.17.1=py312h06ac9bb_0
charset-normalizer=3.4.1=pyhd8ed1ab_0
coin-or-cbc=2.10.12=h00e76a6_2
coin-or-cgl=0.60.9=h82e2f02_4
coin-or-clp=1.17.10=h8a7a1e7_1
coin-or-osi=0.108.11=h96cc833_4
coin-or-utils=2.11.12=h3a12e53_2
coincbc=2.10.12=2_metapackage
conda-inject=1.3.2=pyhd8ed1ab_0
configargparse=1.7=pyhd8ed1ab_1
connection_pool=0.0.3=pyhd3deb0d_0
contourpy=1.3.1=py312h68727a3_0
curl=8.12.1=h332b0f4_0
cycler=0.12.1=pyhd8ed1ab_1
docutils=0.21.2=pyhd8ed1ab_1
dpath=2.2.0=pyha770c72_0
font-ttf-dejavu-sans-mono=2.37=hab24e00_0
font-ttf-inconsolata=3.000=h77eed37_0
font-ttf-source-code-pro=2.038=h77eed37_0
font-ttf-ubuntu=0.83=h77eed37_3
fontconfig=2.15.0=h7e30c49_1
fonts-conda-ecosystem=1=0
fonts-conda-forge=1=0
fonttools=4.56.0=py312h178313f_0
freetype=2.13.3=h48d6fc4_0
fribidi=1.0.10=h36c2ea0_0
gcc_impl_linux-64=14.2.0=hdb7739f_2
gdbm=1.18=h0a1914f_2
genometools-genometools=1.6.5=py312h16aaebc_2
gettext=0.23.1=h5888daf_0
gettext-tools=0.23.1=h5888daf_0
gfortran_impl_linux-64=14.2.0=h0ee6e4a_2
gitdb=4.0.12=pyhd8ed1ab_0
gitpython=3.1.44=pyhff2d567_0
gmp=6.3.0=hac33072_2
graphite2=1.3.13=h59595ed_1003
gsl=2.7=he838d99_0
gxx_impl_linux-64=14.2.0=h2ead766_2
h2=4.2.0=pyhd8ed1ab_0
harfbuzz=10.4.0=h76408a6_0
hpack=4.1.0=pyhd8ed1ab_0
htseq=2.0.5=py312h2973bf2_3
htslib=1.21=h566b1c6_1
humanfriendly=10.0=pyh707e725_8
hyperframe=6.1.0=pyhd8ed1ab_0
icu=75.1=he02047a_0
idna=3.10=pyhd8ed1ab_1
immutables=0.21=py312h66e93f0_0
importlib_resources=6.5.2=pyhd8ed1ab_0
jinja2=3.1.6=pyhd8ed1ab_0
joblib=1.4.2=pyhd8ed1ab_1
jsonschema=4.23.0=pyhd8ed1ab_1
jsonschema-specifications=2024.10.1=pyhd8ed1ab_1
jupyter_core=5.7.2=pyh31011fe_1
k8=1.2=h6618dc6_3
kernel-headers_linux-64=3.10.0=he073ed8_18
keyutils=1.6.1=h166bdaf_0
kiwisolver=1.4.8=py312h84d6215_0
krb5=1.21.3=h659f571_0
last=1611=h5ca1c30_0
lcms2=2.17=h717163a_0
ld_impl_linux-64=2.43=h712a8e2_4
lerc=4.0.0=h27087fc_0
libasprintf=0.23.1=h8e693c7_0
libasprintf-devel=0.23.1=h8e693c7_0
libblas=3.9.0=31_h59b9bed_openblas
libbrotlicommon=1.1.0=hb9d3cd8_2
libbrotlidec=1.1.0=hb9d3cd8_2
libbrotlienc=1.1.0=hb9d3cd8_2
libcblas=3.9.0=31_he106b2a_openblas
libcurl=8.12.1=h332b0f4_0
libdeflate=1.23=h4ddbbb0_0
libedit=3.1.20250104=pl5321h7949ede_0
libev=4.33=hd590300_2
libexpat=2.6.4=h5888daf_0
libffi=3.4.6=h2dba641_0
libgcc=14.2.0=h767d61c_2
libgcc-devel_linux-64=14.2.0=h9c4974d_102
libgcc-ng=14.2.0=h69a702a_2
libgettextpo=0.23.1=h5888daf_0
libgettextpo-devel=0.23.1=h5888daf_0
libgfortran=14.2.0=h69a702a_2
libgfortran-ng=14.2.0=h69a702a_2
libgfortran5=14.2.0=hf1ad2bd_2
libglib=2.82.2=h2ff4ddf_1
libgomp=14.2.0=h767d61c_2
libiconv=1.18=h4ce23a2_1
libjpeg-turbo=3.0.0=hd590300_1
liblapack=3.9.0=31_h7ac8fdf_openblas
liblapacke=3.9.0=31_he2f377e_openblas
liblzma=5.6.4=hb9d3cd8_0
libnghttp2=1.64.0=h161d5f1_0
libnsl=2.0.1=hd590300_0
libopenblas=0.3.29=pthreads_h94d23a6_0
libpng=1.6.47=h943b412_0
libsanitizer=14.2.0=hed042b8_2
libsqlite=3.49.1=hee588c1_2
libssh2=1.11.1=hf672d98_0
libstdcxx=14.2.0=h8f9b012_2
libstdcxx-devel_linux-64=14.2.0=h9c4974d_102
libstdcxx-ng=14.2.0=h4852527_2
libtiff=4.7.0=hd9ff511_3
libuuid=2.38.1=h0b41bf4_0
libwebp-base=1.5.0=h851e524_0
libxcb=1.17.0=h8a09558_0
libxcrypt=4.4.36=hd590300_1
libzlib=1.3.1=hb9d3cd8_2
make=4.4.1=hb9d3cd8_2
markupsafe=3.0.2=py312h178313f_1
matplotlib-base=3.10.1=py312hd3ec401_0
minimap2=2.28=h577a1d6_4
mummer4=4.0.1=pl5321h9948957_0
munkres=1.1.4=pyh9f0ad1d_0
nanosim=3.2.3=hdfd78af_0
nbformat=5.10.4=pyhd8ed1ab_1
ncurses=6.5=h2d0b736_3
numpy=1.26.4=py312heda63a1_0
openjpeg=2.5.3=h5fbd93e_0
openssl=3.4.1=h7b32b05_0
packaging=24.2=pyhd8ed1ab_2
pandas=2.2.3=py312hf9745cd_1
pango=1.56.3=h861ebed_0
parallel=20250222=ha770c72_0
patsy=1.0.1=pyhd8ed1ab_1
pcre2=10.44=hba22ea6_2
perl=5.32.1=7_hd590300_perl5
piecewise-regression=1.1.2=pyhd8ed1ab_0
pillow=11.1.0=py312h80c1187_0
pip=25.0.1=pyh8b19718_0
pixman=0.44.2=h29eaf8c_0
pkgutil-resolve-name=1.3.10=pyhd8ed1ab_2
plac=1.4.3=pyhd8ed1ab_1
platformdirs=4.3.6=pyhd8ed1ab_1
psutil=7.0.0=py312h66e93f0_0
pthread-stubs=0.4=hb9d3cd8_1002
pulp=2.8.0=py312h7900ff3_0
pybedtools=0.12.0=py312h5e9d817_0
pycparser=2.22=pyh29332c3_1
pyparsing=3.2.1=pyhd8ed1ab_0
pysam=0.22.1=py312h47d5410_3
pysocks=1.7.1=pyha55dd90_7
python=3.12.9=h9e4cc4f_1_cpython
python-dateutil=2.9.0.post0=pyhff2d567_1
python-fastjsonschema=2.21.1=pyhd8ed1ab_0
python-tzdata=2025.1=pyhd8ed1ab_0
python_abi=3.12=5_cp312
pytz=2024.1=pyhd8ed1ab_0
pyyaml=6.0.2=py312h178313f_2
qhull=2020.2=h434a139_5
r-base=4.4.3=h9c32bc2_0
r-caret=6.0_94=r44hdb488b9_2
r-class=7.3_23=r44h2b5f3a1_0
r-cli=3.6.4=r44h93ab643_1
r-clock=0.7.1=r44h0d4f4ea_0
r-codetools=0.2_20=r44hc72bb7e_1
r-colorspace=2.1_1=r44hdb488b9_0
r-commonmark=1.9.5=r44h2b5f3a1_0
r-cpp11=0.5.1=r44hc72bb7e_0
r-crayon=1.5.3=r44hc72bb7e_1
r-data.table=1.17.0=r44he23165d_0
r-diagram=1.6.5=r44ha770c72_3
r-digest=0.6.37=r44h0d4f4ea_0
r-dplyr=1.1.4=r44h0d4f4ea_1
r-e1071=1.7_16=r44h93ab643_0
r-ellipsis=0.3.2=r44hb1dbf0f_3
r-fansi=1.0.6=r44hb1dbf0f_1
r-farver=2.1.2=r44ha18555a_1
r-foreach=1.5.2=r44hc72bb7e_3
r-future=1.34.0=r44h785f33e_0
r-future.apply=1.11.3=r44hc72bb7e_0
r-generics=0.1.3=r44hc72bb7e_3
r-ggplot2=3.5.1=r44hc72bb7e_1
r-globals=0.16.3=r44hc72bb7e_1
r-glue=1.8.0=r44h2b5f3a1_0
r-gower=1.0.1=r44hb1dbf0f_2
r-gtable=0.3.6=r44hc72bb7e_0
r-hardhat=1.4.1=r44hc72bb7e_0
r-ipred=0.9_15=r44hdb488b9_1
r-isoband=0.2.7=r44ha18555a_3
r-iterators=1.0.14=r44hc72bb7e_3
r-kernsmooth=2.23_26=r44h8461fee_0
r-labeling=0.4.3=r44hc72bb7e_1
r-lattice=0.22_6=r44hb1dbf0f_1
r-lava=1.8.1=r44hc72bb7e_0
r-lifecycle=1.0.4=r44hc72bb7e_1
r-listenv=0.9.1=r44hc72bb7e_1
r-lubridate=1.9.4=r44h2b5f3a1_0
r-magrittr=2.0.3=r44hb1dbf0f_3
r-markdown=1.13=r44hc72bb7e_1
r-mass=7.3_64=r44h2b5f3a1_0
r-matrix=1.7_3=r44h2ae2be5_0
r-mgcv=1.9_1=r44h0d28552_1
r-mime=0.13=r44h2b5f3a1_0
r-modelmetrics=1.2.2.2=r44h0d4f4ea_4
r-munsell=0.5.1=r44hc72bb7e_1
r-nlme=3.1_167=r44hb67ce94_0
r-nnet=7.3_20=r44h2b5f3a1_0
r-numderiv=2016.8_1.1=r44hc72bb7e_6
r-parallelly=1.42.0=r44h2b5f3a1_0
r-pillar=1.10.1=r44hc72bb7e_0
r-pkgconfig=2.0.3=r44hc72bb7e_4
r-plyr=1.8.9=r44ha18555a_1
r-proc=1.18.5=r44ha18555a_1
r-prodlim=2024.06.25=r44h0d4f4ea_1
r-progressr=0.15.1=r44hc72bb7e_0
r-proxy=0.4_27=r44hb1dbf0f_3
r-purrr=1.0.4=r44h2b5f3a1_0
r-r6=2.6.1=r44hc72bb7e_0
r-rcolorbrewer=1.1_3=r44h785f33e_3
r-rcpp=1.0.14=r44h93ab643_0
r-recipes=1.2.0=r44hc72bb7e_0
r-reshape2=1.4.4=r44h0d4f4ea_4
r-rlang=1.1.5=r44h93ab643_0
r-rpart=4.1.24=r44h2b5f3a1_0
r-scales=1.3.0=r44hc72bb7e_1
r-shape=1.4.6.1=r44ha770c72_1
r-sparsevctrs=0.3.1=r44h2b5f3a1_0
r-squarem=2021.1=r44hc72bb7e_3
r-stringdist=0.9.15=r44h2b5f3a1_0
r-stringi=1.8.4=r44h33cde33_3
r-stringr=1.5.1=r44h785f33e_1
r-survival=3.8_3=r44h2b5f3a1_0
r-tibble=3.2.1=r44hdb488b9_3
r-tidyr=1.3.1=r44h0d4f4ea_1
r-tidyselect=1.2.1=r44hc72bb7e_1
r-timechange=0.3.0=r44ha18555a_1
r-timedate=4041.110=r44hc72bb7e_0
r-tzdb=0.4.0=r44ha18555a_2
r-utf8=1.2.4=r44hb1dbf0f_1
r-vctrs=0.6.5=r44h0d4f4ea_1
r-viridislite=0.4.2=r44hc72bb7e_2
r-withr=3.0.2=r44hc72bb7e_0
r-xfun=0.51=r44h93ab643_0
readline=8.2=h8c095d6_2
referencing=0.36.2=pyh29332c3_0
regex=2024.11.6=py312h66e93f0_0
requests=2.32.3=pyhd8ed1ab_1
reretry=0.11.8=pyhd8ed1ab_1
rpds-py=0.23.1=py312h3b7be25_0
ruby=3.4.2=he7af4c9_0
sam2pairwise=1.0.0=h9948957_1
samtools=1.21=h96c455f_1
scikit-learn=1.6.1=py312h7a48858_0
scipy=1.15.2=py312ha707e6e_0
sed=4.8=he412f7d_0
setuptools=75.8.2=pyhff2d567_0
six=1.17.0=pyhd8ed1ab_0
smart_open=7.1.0=pyhd8ed1ab_0
smmap=5.0.2=pyhd8ed1ab_0
snakemake-executor-plugin-slurm=1.1.0=pypi_0
snakemake-executor-plugin-slurm-jobstep=0.3.0=pypi_0
snakemake-interface-common=1.17.4=pyhdfd78af_0
snakemake-interface-executor-plugins=9.3.3=pyhdfd78af_0
snakemake-interface-report-plugins=1.1.0=pyhdfd78af_0
snakemake-interface-storage-plugins=3.5.0=pyhdfd78af_0
snakemake-minimal=8.30.0=pyhdfd78af_0
statsmodels=0.14.4=py312hc0a28a1_0
sysroot_linux-64=2.17=h0157908_18
tabulate=0.9.0=pyhd8ed1ab_2
tbb=2020.3=hfd86e86_0
tbb-devel=2020.3=hfd86e86_0
threadpoolctl=3.6.0=pyhecae5ae_0
throttler=1.2.2=pyhd8ed1ab_0
tk=8.6.13=noxft_h4845f30_101
tktable=2.10=h8bc8fbc_6
traitlets=5.14.3=pyhd8ed1ab_1
typing_extensions=4.12.2=pyha770c72_1
tzdata=2025a=h78e105d_0
unicodedata2=16.0.0=py312h66e93f0_0
urllib3=2.3.0=pyhd8ed1ab_0
wheel=0.45.1=pyhd8ed1ab_1
wrapt=1.17.2=py312h66e93f0_0
xorg-libice=1.1.2=hb9d3cd8_0
xorg-libsm=1.2.6=he73a12e_0
xorg-libx11=1.8.12=h4f16b4b_0
xorg-libxau=1.0.12=hb9d3cd8_0
xorg-libxdmcp=1.1.5=hb9d3cd8_0
xorg-libxext=1.3.6=hb9d3cd8_0
xorg-libxrender=0.9.12=hb9d3cd8_0
xorg-libxt=1.3.1=hb9d3cd8_0
yaggo=1.5.10=hdfd78af_1
yaml=0.2.5=h7f98852_2
yte=1.7.0=pyha770c72_1
zipp=3.21.0=pyhd8ed1ab_1
zstandard=0.23.0=py312h66e93f0_1
zstd=1.5.7=hb8e6e7a_1
